
Microsoft Visual Studio Solution File, Format Version 12.00
# Visual Studio Version 17
VisualStudioVersion = 17.0.31903.59
MinimumVisualStudioVersion = 10.0.40219.1
Project("{FAE04EC0-301F-11D3-BF4B-00C04F79EFBC}") = "RentalManagement.WebApi", "RentalManagement.WebApi\RentalManagement.WebApi.csproj", "{ACCA76EA-8DA0-4B2A-B720-F6292BB829FE}"
EndProject
Project("{FAE04EC0-301F-11D3-BF4B-00C04F79EFBC}") = "RentalManagement.Application.CommandStack", "RentalManagement.Application.CommandStack\RentalManagement.Application.CommandStack.csproj", "{062AD7B8-725B-4068-B924-71D49EE4FE7B}"
EndProject
Project("{FAE04EC0-301F-11D3-BF4B-00C04F79EFBC}") = "RentalManagement.Application.QueryStack", "RentalManagement.Application.QueryStack\RentalManagement.Application.QueryStack.csproj", "{AA34D98F-5262-41FC-93D5-77366E2E15E8}"
EndProject
Project("{FAE04EC0-301F-11D3-BF4B-00C04F79EFBC}") = "RentalManagement.Domain", "RentalManagement.Domain\RentalManagement.Domain.csproj", "{7987F157-F7B3-417A-8B84-4456EFE0AEC3}"
EndProject
Project("{FAE04EC0-301F-11D3-BF4B-00C04F79EFBC}") = "RentalManagement.Infrastructure", "RentalManagement.Infrastructure\RentalManagement.Infrastructure.csproj", "{26B3CF1B-2161-45DA-9E5C-6A71494CBE23}"
EndProject
Global
	GlobalSection(SolutionConfigurationPlatforms) = preSolution
		Debug|Any CPU = Debug|Any CPU
		Release|Any CPU = Release|Any CPU
	EndGlobalSection
	GlobalSection(ProjectConfigurationPlatforms) = postSolution
		{ACCA76EA-8DA0-4B2A-B720-F6292BB829FE}.Debug|Any CPU.ActiveCfg = Debug|Any CPU
		{ACCA76EA-8DA0-4B2A-B720-F6292BB829FE}.Debug|Any CPU.Build.0 = Debug|Any CPU
		{ACCA76EA-8DA0-4B2A-B720-F6292BB829FE}.Release|Any CPU.ActiveCfg = Release|Any CPU
		{ACCA76EA-8DA0-4B2A-B720-F6292BB829FE}.Release|Any CPU.Build.0 = Release|Any CPU
		{062AD7B8-725B-4068-B924-71D49EE4FE7B}.Debug|Any CPU.ActiveCfg = Debug|Any CPU
		{062AD7B8-725B-4068-B924-71D49EE4FE7B}.Debug|Any CPU.Build.0 = Debug|Any CPU
		{062AD7B8-725B-4068-B924-71D49EE4FE7B}.Release|Any CPU.ActiveCfg = Release|Any CPU
		{062AD7B8-725B-4068-B924-71D49EE4FE7B}.Release|Any CPU.Build.0 = Release|Any CPU
		{AA34D98F-5262-41FC-93D5-77366E2E15E8}.Debug|Any CPU.ActiveCfg = Debug|Any CPU
		{AA34D98F-5262-41FC-93D5-77366E2E15E8}.Debug|Any CPU.Build.0 = Debug|Any CPU
		{AA34D98F-5262-41FC-93D5-77366E2E15E8}.Release|Any CPU.ActiveCfg = Release|Any CPU
		{AA34D98F-5262-41FC-93D5-77366E2E15E8}.Release|Any CPU.Build.0 = Release|Any CPU
		{7987F157-F7B3-417A-8B84-4456EFE0AEC3}.Debug|Any CPU.ActiveCfg = Debug|Any CPU
		{7987F157-F7B3-417A-8B84-4456EFE0AEC3}.Debug|Any CPU.Build.0 = Debug|Any CPU
		{7987F157-F7B3-417A-8B84-4456EFE0AEC3}.Release|Any CPU.ActiveCfg = Release|Any CPU
		{7987F157-F7B3-417A-8B84-4456EFE0AEC3}.Release|Any CPU.Build.0 = Release|Any CPU
		{26B3CF1B-2161-45DA-9E5C-6A71494CBE23}.Debug|Any CPU.ActiveCfg = Debug|Any CPU
		{26B3CF1B-2161-45DA-9E5C-6A71494CBE23}.Debug|Any CPU.Build.0 = Debug|Any CPU
		{26B3CF1B-2161-45DA-9E5C-6A71494CBE23}.Release|Any CPU.ActiveCfg = Release|Any CPU
		{26B3CF1B-2161-45DA-9E5C-6A71494CBE23}.Release|Any CPU.Build.0 = Release|Any CPU
	EndGlobalSection
	GlobalSection(SolutionProperties) = preSolution
		HideSolutionNode = FALSE
	EndGlobalSection
	GlobalSection(ExtensibilityGlobals) = postSolution
		SolutionGuid = {2D8F5227-8084-4785-96BC-E738F27FD806}
	EndGlobalSection
EndGlobal
